
Microsoft Visual Studio Solution File, Format Version 12.00
# Visual Studio Version 16
VisualStudioVersion = 16.0.29025.244
MinimumVisualStudioVersion = 10.0.40219.1
Project("{FAE04EC0-301F-11D3-BF4B-00C04F79EFBC}") = "TelegramBot", "TelegramBot\TelegramBot.csproj", "{4AAF7A0C-E691-47E0-9E67-5C168D81B8D5}"
EndProject
Global
	GlobalSection(SolutionConfigurationPlatforms) = preSolution
		Debug|Any CPU = Debug|Any CPU
		Release|Any CPU = Release|Any CPU
	EndGlobalSection
	GlobalSection(ProjectConfigurationPlatforms) = postSolution
		{4AAF7A0C-E691-47E0-9E67-5C168D81B8D5}.Debug|Any CPU.ActiveCfg = Debug|Any CPU
		{4AAF7A0C-E691-47E0-9E67-5C168D81B8D5}.Debug|Any CPU.Build.0 = Debug|Any CPU
		{4AAF7A0C-E691-47E0-9E67-5C168D81B8D5}.Release|Any CPU.ActiveCfg = Release|Any CPU
		{4AAF7A0C-E691-47E0-9E67-5C168D81B8D5}.Release|Any CPU.Build.0 = Release|Any CPU
	EndGlobalSection
	GlobalSection(SolutionProperties) = preSolution
		HideSolutionNode = FALSE
	EndGlobalSection
	GlobalSection(ExtensibilityGlobals) = postSolution
		SolutionGuid = {10EDED6B-56B8-4712-A903-4E3575A32895}
	EndGlobalSection
EndGlobal
